Microsoft Visual Studio Solution File, Format Version 12.00
# Visual Studio Version 17
VisualStudioVersion = 17.5.2.0
MinimumVisualStudioVersion = 10.0.40219.1
Project("{FAE04EC0-301F-11D3-BF4B-00C04F79EFBC}") = "asset-monitor-system-di", "asset-monitor-system-di.csproj", "{2198E0A3-0790-688D-EB49-9A869D0DCB72}"
EndProject
Global
	GlobalSection(SolutionConfigurationPlatforms) = preSolution
		Debug|Any CPU = Debug|Any CPU
		Release|Any CPU = Release|Any CPU
	EndGlobalSection
	GlobalSection(ProjectConfigurationPlatforms) = postSolution
		{2198E0A3-0790-688D-EB49-9A869D0DCB72}.Debug|Any CPU.ActiveCfg = Debug|Any CPU
		{2198E0A3-0790-688D-EB49-9A869D0DCB72}.Debug|Any CPU.Build.0 = Debug|Any CPU
		{2198E0A3-0790-688D-EB49-9A869D0DCB72}.Release|Any CPU.ActiveCfg = Release|Any CPU
		{2198E0A3-0790-688D-EB49-9A869D0DCB72}.Release|Any CPU.Build.0 = Release|Any CPU
	EndGlobalSection
	GlobalSection(SolutionProperties) = preSolution
		HideSolutionNode = FALSE
	EndGlobalSection
	GlobalSection(ExtensibilityGlobals) = postSolution
		SolutionGuid = {260C595D-553A-4DB3-B778-211A653F81E1}
	EndGlobalSection
EndGlobal
